// !$*UTF8*$!
{
	archiveVersion = 1;
	classes = {
	};
	objectVersion = 50;
	objects = {

/* Begin PBXBuildFile section */
		D4B4D033233664C4006DC57F /* AppDelegate.swift in Sources */ = {isa = PBXBuildFile; fileRef = D4B4D032233664C4006DC57F /* AppDelegate.swift */; };
		D4B4D035233664C4006DC57F /* QuestViewController.swift in Sources */ = {isa = PBXBuildFile; fileRef = D4B4D034233664C4006DC57F /* QuestViewController.swift */; };
		D4B4D038233664C4006DC57F /* Main.storyboard in Resources */ = {isa = PBXBuildFile; fileRef = D4B4D036233664C4006DC57F /* Main.storyboard */; };
		D4B4D03A233664C5006DC57F /* Assets.xcassets in Resources */ = {isa = PBXBuildFile; fileRef = D4B4D039233664C5006DC57F /* Assets.xcassets */; };
		D4B4D03D233664C5006DC57F /* LaunchScreen.storyboard in Resources */ = {isa = PBXBuildFile; fileRef = D4B4D03B233664C5006DC57F /* LaunchScreen.storyboard */; };
		D4B4D045233677F6006DC57F /* FirstViewControolerViewController.swift in Sources */ = {isa = PBXBuildFile; fileRef = D4B4D044233677F6006DC57F /* FirstViewControolerViewController.swift */; };
		D4B4D047233678C4006DC57F /* File.swift in Sources */ = {isa = PBXBuildFile; fileRef = D4B4D046233678C4006DC57F /* File.swift */; };
		D4B4D0492336AFD0006DC57F /* question.swift in Sources */ = {isa = PBXBuildFile; fileRef = D4B4D0482336AFD0006DC57F /* question.swift */; };
		D4B4D06923375C3F006DC57F /* questions.json in Resources */ = {isa = PBXBuildFile; fileRef = D4B4D06823375C3F006DC57F /* questions.json */; };
/* End PBXBuildFile section */

/* Begin PBXFileReference section */
		D4B4D02F233664C4006DC57F /* mcqApp.app */ = {isa = PBXFileReference; explicitFileType = wrapper.application; includeInIndex = 0; path = mcqApp.app; sourceTree = BUILT_PRODUCTS_DIR; };
		D4B4D032233664C4006DC57F /* AppDelegate.swift */ = {isa = PBXFileReference; lastKnownFileType = sourcecode.swift; path = AppDelegate.swift; sourceTree = "<group>"; };
		D4B4D034233664C4006DC57F /* QuestViewController.swift */ = {isa = PBXFileReference; lastKnownFileType = sourcecode.swift; path = QuestViewController.swift; sourceTree = "<group>"; };
		D4B4D037233664C4006DC57F /* Base */ = {isa = PBXFileReference; lastKnownFileType = file.storyboard; name = Base; path = Base.lproj/Main.storyboard; sourceTree = "<group>"; };
		D4B4D039233664C5006DC57F /* Assets.xcassets */ = {isa = PBXFileReference; lastKnownFileType = folder.assetcatalog; path = Assets.xcassets; sourceTree = "<group>"; };
		D4B4D03C233664C5006DC57F /* Base */ = {isa = PBXFileReference; lastKnownFileType = file.storyboard; name = Base; path = Base.lproj/LaunchScreen.storyboard; sourceTree = "<group>"; };
		D4B4D03E233664C5006DC57F /* Info.plist */ = {isa = PBXFileReference; lastKnownFileType = text.plist.xml; path = Info.plist; sourceTree = "<group>"; };
		D4B4D044233677F6006DC57F /* FirstViewControolerViewController.swift */ = {isa = PBXFileReference; lastKnownFileType = sourcecode.swift; path = FirstViewControolerViewController.swift; sourceTree = "<group>"; };
		D4B4D046233678C4006DC57F /* File.swift */ = {isa = PBXFileReference; lastKnownFileType = sourcecode.swift; path = File.swift; sourceTree = "<group>"; };
		D4B4D0482336AFD0006DC57F /* question.swift */ = {isa = PBXFileReference; lastKnownFileType = sourcecode.swift; path = question.swift; sourceTree = "<group>"; };
		D4B4D06823375C3F006DC57F /* questions.json */ = {isa = PBXFileReference; fileEncoding = 4; lastKnownFileType = text.json; path = questions.json; sourceTree = "<group>"; };
/* End PBXFileReference section */

/* Begin PBXFrameworksBuildPhase section */
		D4B4D02C233664C4006DC57F /* Frameworks */ = {
			isa = PBXFrameworksBuildPhase;
			buildActionMask = 2147483647;
			files = (
			);
			runOnlyForDeploymentPostprocessing = 0;
		};
/* End PBXFrameworksBuildPhase section */

/* Begin PBXGroup section */
		D4B4D026233664C3006DC57F = {
			isa = PBXGroup;
			children = (
				D4B4D031233664C4006DC57F /* mcqApp */,
				D4B4D030233664C4006DC57F /* Products */,
			);
			sourceTree = "<group>";
		};
		D4B4D030233664C4006DC57F /* Products */ = {
			isa = PBXGroup;
			children = (
				D4B4D02F233664C4006DC57F /* mcqApp.app */,
			);
			name = Products;
			sourceTree = "<group>";
		};
		D4B4D031233664C4006DC57F /* mcqApp */ = {
			isa = PBXGroup;
			children = (
				D4B4D06823375C3F006DC57F /* questions.json */,
				D4B4D032233664C4006DC57F /* AppDelegate.swift */,
				D4B4D034233664C4006DC57F /* QuestViewController.swift */,
				D4B4D036233664C4006DC57F /* Main.storyboard */,
				D4B4D044233677F6006DC57F /* FirstViewControolerViewController.swift */,
				D4B4D039233664C5006DC57F /* Assets.xcassets */,
				D4B4D03B233664C5006DC57F /* LaunchScreen.storyboard */,
				D4B4D03E233664C5006DC57F /* Info.plist */,
				D4B4D046233678C4006DC57F /* File.swift */,
				D4B4D0482336AFD0006DC57F /* question.swift */,
			);
			path = mcqApp;
			sourceTree = "<group>";
		};
/* End PBXGroup section */

/* Begin PBXNativeTarget section */
		D4B4D02E233664C4006DC57F /* mcqApp */ = {
			isa = PBXNativeTarget;
			buildConfigurationList = D4B4D041233664C5006DC57F /* Build configuration list for PBXNativeTarget "mcqApp" */;
			buildPhases = (
				D4B4D02B233664C4006DC57F /* Sources */,
				D4B4D02C233664C4006DC57F /* Frameworks */,
				D4B4D02D233664C4006DC57F /* Resources */,
			);
			buildRules = (
			);
			dependencies = (
			);
			name = mcqApp;
			productName = mcqApp;
			productReference = D4B4D02F233664C4006DC57F /* mcqApp.app */;
			productType = "com.apple.product-type.application";
		};
/* End PBXNativeTarget section */

/* Begin PBXProject section */
		D4B4D027233664C3006DC57F /* Project object */ = {
			isa = PBXProject;
			attributes = {
				LastSwiftUpdateCheck = 1030;
				LastUpgradeCheck = 1030;
				ORGANIZATIONNAME = "Sagar Mahindrakar";
				TargetAttributes = {
					D4B4D02E233664C4006DC57F = {
						CreatedOnToolsVersion = 10.3;
					};
				};
			};
			buildConfigurationList = D4B4D02A233664C3006DC57F /* Build configuration list for PBXProject "mcqApp" */;
			compatibilityVersion = "Xcode 9.3";
			developmentRegion = en;
			hasScannedForEncodings = 0;
			knownRegions = (
				en,
				Base,
			);
			mainGroup = D4B4D026233664C3006DC57F;
			productRefGroup = D4B4D030233664C4006DC57F /* Products */;
			projectDirPath = "";
			projectRoot = "";
			targets = (
				D4B4D02E233664C4006DC57F /* mcqApp */,
			);
		};
/* End PBXProject section */

/* Begin PBXResourcesBuildPhase section */
		D4B4D02D233664C4006DC57F /* Resources */ = {
			isa = PBXResourcesBuildPhase;
			buildActionMask = 2147483647;
			files = (
				D4B4D03D233664C5006DC57F /* LaunchScreen.storyboard in Resources */,
				D4B4D06923375C3F006DC57F /* questions.json in Resources */,
				D4B4D03A233664C5006DC57F /* Assets.xcassets in Resources */,
				D4B4D038233664C4006DC57F /* Main.storyboard in Resources */,
			);
			runOnlyForDeploymentPostprocessing = 0;
		};
/* End PBXResourcesBuildPhase section */

/* Begin PBXSourcesBuildPhase section */
		D4B4D02B233664C4006DC57F /* Sources */ = {
			isa = PBXSourcesBuildPhase;
			buildActionMask = 2147483647;
			files = (
				D4B4D0492336AFD0006DC57F /* question.swift in Sources */,
				D4B4D045233677F6006DC57F /* FirstViewControolerViewController.swift in Sources */,
				D4B4D047233678C4006DC57F /* File.swift in Sources */,
				D4B4D035233664C4006DC57F /* QuestViewController.swift in Sources */,
				D4B4D033233664C4006DC57F /* AppDelegate.swift in Sources */,
			);
			runOnlyForDeploymentPostprocessing = 0;
		};
/* End PBXSourcesBuildPhase section */

/* Begin PBXVariantGroup section */
		D4B4D036233664C4006DC57F /* Main.storyboard */ = {
			isa = PBXVariantGroup;
			children = (
				D4B4D037233664C4006DC57F /* Base */,
			);
			name = Main.storyboard;
			sourceTree = "<group>";
		};
		D4B4D03B233664C5006DC57F /* LaunchScreen.storyboard */ = {
			isa = PBXVariantGroup;
			children = (
				D4B4D03C233664C5006DC57F /* Base */,
			);
			name = LaunchScreen.storyboard;
			sourceTree = "<group>";
		};
/* End PBXVariantGroup section */

/* Begin XCBuildConfiguration section */
		D4B4D03F233664C5006DC57F /* Debug */ = {
			isa = XCBuildConfiguration;
			buildSettings = {
				ALWAYS_SEARCH_USER_PATHS = NO;
				CLANG_ANALYZER_NONNULL = YES;
				CLANG_ANALYZER_NUMBER_OBJECT_CONVERSION = YES_AGGRESSIVE;
				CLANG_CXX_LANGUAGE_STANDARD = "gnu++14";
				CLANG_CXX_LIBRARY = "libc++";
				CLANG_ENABLE_MODULES = YES;
				CLANG_ENABLE_OBJC_ARC = YES;
				CLANG_ENABLE_OBJC_WEAK = YES;
				CLANG_WARN_BLOCK_CAPTURE_AUTORELEASING = YES;
				CLANG_WARN_BOOL_CONVERSION = YES;
				CLANG_WARN_COMMA = YES;
				CLANG_WARN_CONSTANT_CONVERSION = YES;
				CLANG_WARN_DEPRECATED_OBJC_IMPLEMENTATIONS = YES;
				CLANG_WARN_DIRECT_OBJC_ISA_USAGE = YES_ERROR;
				CLANG_WARN_DOCUMENTATION_COMMENTS = YES;
				CLANG_WARN_EMPTY_BODY = YES;
				CLANG_WARN_ENUM_CONVERSION = YES;
				CLANG_WARN_INFINITE_RECURSION = YES;
				CLANG_WARN_INT_CONVERSION = YES;
				CLANG_WARN_NON_LITERAL_NULL_CONVERSION = YES;
				CLANG_WARN_OBJC_IMPLICIT_RETAIN_SELF = YES;
				CLANG_WARN_OBJC_LITERAL_CONVERSION = YES;
				CLANG_WARN_OBJC_ROOT_CLASS = YES_ERROR;
				CLANG_WARN_RANGE_LOOP_ANALYSIS = YES;
				CLANG_WARN_STRICT_PROTOTYPES = YES;
				CLANG_WARN_SUSPICIOUS_MOVE = YES;
				CLANG_WARN_UNGUARDED_AVAILABILITY = YES_AGGRESSIVE;
				CLANG_WARN_UNREACHABLE_CODE = YES;
				CLANG_WARN__DUPLICATE_METHOD_MATCH = YES;
				CODE_SIGN_IDENTITY = "iPhone Developer";
				COPY_PHASE_STRIP = NO;
				DEBUG_INFORMATION_FORMAT = dwarf;
				ENABLE_STRICT_OBJC_MSGSEND = YES;
				ENABLE_TESTABILITY = YES;
				GCC_C_LANGUAGE_STANDARD = gnu11;
				GCC_DYNAMIC_NO_PIC = NO;
				GCC_NO_COMMON_BLOCKS = YES;
				GCC_OPTIMIZATION_LEVEL = 0;
				GCC_PREPROCESSOR_DEFINITIONS = (
					"DEBUG=1",
					"$(inherited)",
				);
				GCC_WARN_64_TO_32_BIT_CONVERSION = YES;
				GCC_WARN_ABOUT_RETURN_TYPE = YES_ERROR;
				GCC_WARN_UNDECLARED_SELECTOR = YES;
				GCC_WARN_UNINITIALIZED_AUTOS = YES_AGGRESSIVE;
				GCC_WARN_UNUSED_FUNCTION = YES;
				GCC_WARN_UNUSED_VARIABLE = YES;
				IPHONEOS_DEPLOYMENT_TARGET = 12.4;
				MTL_ENABLE_DEBUG_INFO = INCLUDE_SOURCE;
				MTL_FAST_MATH = YES;
				ONLY_ACTIVE_ARCH = YES;
				SDKROOT = iphoneos;
				SWIFT_ACTIVE_COMPILATION_CONDITIONS = DEBUG;
				SWIFT_OPTIMIZATION_LEVEL = "-Onone";
			};
			name = Debug;
		};
		D4B4D040233664C5006DC57F /* Release */ = {
			isa = XCBuildConfiguration;
			buildSettings = {
				ALWAYS_SEARCH_USER_PATHS = NO;
				CLANG_ANALYZER_NONNULL = YES;
				CLANG_ANALYZER_NUMBER_OBJECT_CONVERSION = YES_AGGRESSIVE;
				CLANG_CXX_LANGUAGE_STANDARD = "gnu++14";
				CLANG_CXX_LIBRARY = "libc++";
				CLANG_ENABLE_MODULES = YES;
				CLANG_ENABLE_OBJC_ARC = YES;
				CLANG_ENABLE_OBJC_WEAK = YES;
				CLANG_WARN_BLOCK_CAPTURE_AUTORELEASING = YES;
				CLANG_WARN_BOOL_CONVERSION = YES;
				CLANG_WARN_COMMA = YES;
				CLANG_WARN_CONSTANT_CONVERSION = YES;
				CLANG_WARN_DEPRECATED_OBJC_IMPLEMENTATIONS = YES;
				CLANG_WARN_DIRECT_OBJC_ISA_USAGE = YES_ERROR;
				CLANG_WARN_DOCUMENTATION_COMMENTS = YES;
				CLANG_WARN_EMPTY_BODY = YES;
				CLANG_WARN_ENUM_CONVERSION = YES;
				CLANG_WARN_INFINITE_RECURSION = YES;
				CLANG_WARN_INT_CONVERSION = YES;
				CLANG_WARN_NON_LITERAL_NULL_CONVERSION = YES;
				CLANG_WARN_OBJC_IMPLICIT_RETAIN_SELF = YES;
				CLANG_WARN_OBJC_LITERAL_CONVERSION = YES;
				CLANG_WARN_OBJC_ROOT_CLASS = YES_ERROR;
				CLANG_WARN_RANGE_LOOP_ANALYSIS = YES;
				CLANG_WARN_STRICT_PROTOTYPES = YES;
				CLANG_WARN_SUSPICIOUS_MOVE = YES;
				CLANG_WARN_UNGUARDED_AVAILABILITY = YES_AGGRESSIVE;
				CLANG_WARN_UNREACHABLE_CODE = YES;
				CLANG_WARN__DUPLICATE_METHOD_MATCH = YES;
				CODE_SIGN_IDENTITY = "iPhone Developer";
				COPY_PHASE_STRIP = NO;
				DEBUG_INFORMATION_FORMAT = "dwarf-with-dsym";
				ENABLE_NS_ASSERTIONS = NO;
				ENABLE_STRICT_OBJC_MSGSEND = YES;
				GCC_C_LANGUAGE_STANDARD = gnu11;
				GCC_NO_COMMON_BLOCKS = YES;
				GCC_WARN_64_TO_32_BIT_CONVERSION = YES;
				GCC_WARN_ABOUT_RETURN_TYPE = YES_ERROR;
				GCC_WARN_UNDECLARED_SELECTOR = YES;
				GCC_WARN_UNINITIALIZED_AUTOS = YES_AGGRESSIVE;
				GCC_WARN_UNUSED_FUNCTION = YES;
				GCC_WARN_UNUSED_VARIABLE = YES;
				IPHONEOS_DEPLOYMENT_TARGET = 12.4;
				MTL_ENABLE_DEBUG_INFO = NO;
				MTL_FAST_MATH = YES;
				SDKROOT = iphoneos;
				SWIFT_COMPILATION_MODE = wholemodule;
				SWIFT_OPTIMIZATION_LEVEL = "-O";
				VALIDATE_PRODUCT = YES;
			};
			name = Release;
		};
		D4B4D042233664C5006DC57F /* Debug */ = {
			isa = XCBuildConfiguration;
			buildSettings = {
				ASSETCATALOG_COMPILER_APPICON_NAME = AppIcon;
				CODE_SIGN_STYLE = Automatic;
				INFOPLIST_FILE = mcqApp/Info.plist;
				LD_RUNPATH_SEARCH_PATHS = (
					"$(inherited)",
					"@executable_path/Frameworks",
				);
				PRODUCT_BUNDLE_IDENTIFIER = h.mcqApp;
				PRODUCT_NAME = "$(TARGET_NAME)";
				SWIFT_VERSION = 5.0;
				TARGETED_DEVICE_FAMILY = "1,2";
			};
			name = Debug;
		};
		D4B4D043233664C5006DC57F /* Release */ = {
			isa = XCBuildConfiguration;
			buildSettings = {
				ASSETCATALOG_COMPILER_APPICON_NAME = AppIcon;
				CODE_SIGN_STYLE = Automatic;
				INFOPLIST_FILE = mcqApp/Info.plist;
				LD_RUNPATH_SEARCH_PATHS = (
					"$(inherited)",
					"@executable_path/Frameworks",
				);
				PRODUCT_BUNDLE_IDENTIFIER = h.mcqApp;
				PRODUCT_NAME = "$(TARGET_NAME)";
				SWIFT_VERSION = 5.0;
				TARGETED_DEVICE_FAMILY = "1,2";
			};
			name = Release;
		};
/* End XCBuildConfiguration section */

/* Begin XCConfigurationList section */
		D4B4D02A233664C3006DC57F /* Build configuration list for PBXProject "mcqApp" */ = {
			isa = XCConfigurationList;
			buildConfigurations = (
				D4B4D03F233664C5006DC57F /* Debug */,
				D4B4D040233664C5006DC57F /* Release */,
			);
			defaultConfigurationIsVisible = 0;
			defaultConfigurationName = Release;
		};
		D4B4D041233664C5006DC57F /* Build configuration list for PBXNativeTarget "mcqApp" */ = {
			isa = XCConfigurationList;
			buildConfigurations = (
				D4B4D042233664C5006DC57F /* Debug */,
				D4B4D043233664C5006DC57F /* Release */,
			);
			defaultConfigurationIsVisible = 0;
			defaultConfigurationName = Release;
		};
/* End XCConfigurationList section */
	};
	rootObject = D4B4D027233664C3006DC57F /* Project object */;
}
